// !$*UTF8*$!
{
	archiveVersion = 1;
	classes = {
	};
	objectVersion = 46;
	objects = {

/* Begin PBXBuildFile section */
		0406F3ED1C19A9AE00DB1BF9 /* MosaicLayout.swift in Sources */ = {isa = PBXBuildFile; fileRef = 0406F3EC1C19A9AE00DB1BF9 /* MosaicLayout.swift */; };
		043E06321BEF58F00048E347 /* AppDelegate.swift in Sources */ = {isa = PBXBuildFile; fileRef = 043E06311BEF58F00048E347 /* AppDelegate.swift */; };
		043E06341BEF58F00048E347 /* ViewController.swift in Sources */ = {isa = PBXBuildFile; fileRef = 043E06331BEF58F00048E347 /* ViewController.swift */; };
		043E06391BEF58F00048E347 /* Assets.xcassets in Resources */ = {isa = PBXBuildFile; fileRef = 043E06381BEF58F00048E347 /* Assets.xcassets */; };
		043E063C1BEF58F00048E347 /* LaunchScreen.storyboard in Resources */ = {isa = PBXBuildFile; fileRef = 043E063A1BEF58F00048E347 /* LaunchScreen.storyboard */; };
		043E06441BEF597C0048E347 /* ViewController.xib in Resources */ = {isa = PBXBuildFile; fileRef = 043E06431BEF597C0048E347 /* ViewController.xib */; };
		04D0244B1C180A350071FB3A /* MosaicCell.swift in Sources */ = {isa = PBXBuildFile; fileRef = 04D024481C180A350071FB3A /* MosaicCell.swift */; };
		04D0244D1C180A350071FB3A /* MosaicCollectionViewController.swift in Sources */ = {isa = PBXBuildFile; fileRef = 04D0244A1C180A350071FB3A /* MosaicCollectionViewController.swift */; };
		04D024501C180A480071FB3A /* LazyLoading.swift in Sources */ = {isa = PBXBuildFile; fileRef = 04D0244F1C180A480071FB3A /* LazyLoading.swift */; };
		04D024541C1828950071FB3A /* Animations.swift in Sources */ = {isa = PBXBuildFile; fileRef = 04D024531C1828950071FB3A /* Animations.swift */; };
		04D024571C1829EC0071FB3A /* MosaicPreview.swift in Sources */ = {isa = PBXBuildFile; fileRef = 04D024551C1829EC0071FB3A /* MosaicPreview.swift */; };
		04D0245C1C182A020071FB3A /* MosaicCell.xib in Resources */ = {isa = PBXBuildFile; fileRef = 04D0245A1C182A020071FB3A /* MosaicCell.xib */; };
		04D0245D1C182A020071FB3A /* MosaicPreview.xib in Resources */ = {isa = PBXBuildFile; fileRef = 04D0245B1C182A020071FB3A /* MosaicPreview.xib */; };
/* End PBXBuildFile section */

/* Begin PBXFileReference section */
		0406F3EC1C19A9AE00DB1BF9 /* MosaicLayout.swift */ = {isa = PBXFileReference; fileEncoding = 4; lastKnownFileType = sourcecode.swift; path = MosaicLayout.swift; sourceTree = "<group>"; };
		043E062E1BEF58F00048E347 /* MosaicSwift.app */ = {isa = PBXFileReference; explicitFileType = wrapper.application; includeInIndex = 0; path = MosaicSwift.app; sourceTree = BUILT_PRODUCTS_DIR; };
		043E06311BEF58F00048E347 /* AppDelegate.swift */ = {isa = PBXFileReference; lastKnownFileType = sourcecode.swift; path = AppDelegate.swift; sourceTree = "<group>"; };
		043E06331BEF58F00048E347 /* ViewController.swift */ = {isa = PBXFileReference; lastKnownFileType = sourcecode.swift; path = ViewController.swift; sourceTree = "<group>"; };
		043E06381BEF58F00048E347 /* Assets.xcassets */ = {isa = PBXFileReference; lastKnownFileType = folder.assetcatalog; path = Assets.xcassets; sourceTree = "<group>"; };
		043E063B1BEF58F00048E347 /* Base */ = {isa = PBXFileReference; lastKnownFileType = file.storyboard; name = Base; path = Base.lproj/LaunchScreen.storyboard; sourceTree = "<group>"; };
		043E063D1BEF58F00048E347 /* Info.plist */ = {isa = PBXFileReference; lastKnownFileType = text.plist.xml; path = Info.plist; sourceTree = "<group>"; };
		043E06431BEF597C0048E347 /* ViewController.xib */ = {isa = PBXFileReference; fileEncoding = 4; lastKnownFileType = file.xib; path = ViewController.xib; sourceTree = "<group>"; };
		04D024481C180A350071FB3A /* MosaicCell.swift */ = {isa = PBXFileReference; fileEncoding = 4; lastKnownFileType = sourcecode.swift; path = MosaicCell.swift; sourceTree = "<group>"; };
		04D0244A1C180A350071FB3A /* MosaicCollectionViewController.swift */ = {isa = PBXFileReference; fileEncoding = 4; lastKnownFileType = sourcecode.swift; path = MosaicCollectionViewController.swift; sourceTree = "<group>"; };
		04D0244F1C180A480071FB3A /* LazyLoading.swift */ = {isa = PBXFileReference; fileEncoding = 4; lastKnownFileType = sourcecode.swift; path = LazyLoading.swift; sourceTree = "<group>"; };
		04D024531C1828950071FB3A /* Animations.swift */ = {isa = PBXFileReference; fileEncoding = 4; lastKnownFileType = sourcecode.swift; path = Animations.swift; sourceTree = "<group>"; };
		04D024551C1829EC0071FB3A /* MosaicPreview.swift */ = {isa = PBXFileReference; fileEncoding = 4; lastKnownFileType = sourcecode.swift; path = MosaicPreview.swift; sourceTree = "<group>"; };
		04D0245A1C182A020071FB3A /* MosaicCell.xib */ = {isa = PBXFileReference; fileEncoding = 4; lastKnownFileType = file.xib; path = MosaicCell.xib; sourceTree = "<group>"; };
		04D0245B1C182A020071FB3A /* MosaicPreview.xib */ = {isa = PBXFileReference; fileEncoding = 4; lastKnownFileType = file.xib; path = MosaicPreview.xib; sourceTree = "<group>"; };
/* End PBXFileReference section */

/* Begin PBXFrameworksBuildPhase section */
		043E062B1BEF58F00048E347 /* Frameworks */ = {
			isa = PBXFrameworksBuildPhase;
			buildActionMask = 2147483647;
			files = (
			);
			runOnlyForDeploymentPostprocessing = 0;
		};
/* End PBXFrameworksBuildPhase section */

/* Begin PBXGroup section */
		043E06251BEF58F00048E347 = {
			isa = PBXGroup;
			children = (
				043E06301BEF58F00048E347 /* MosaicSwift */,
				043E062F1BEF58F00048E347 /* Products */,
			);
			sourceTree = "<group>";
		};
		043E062F1BEF58F00048E347 /* Products */ = {
			isa = PBXGroup;
			children = (
				043E062E1BEF58F00048E347 /* MosaicSwift.app */,
			);
			name = Products;
			sourceTree = "<group>";
		};
		043E06301BEF58F00048E347 /* MosaicSwift */ = {
			isa = PBXGroup;
			children = (
				043E06311BEF58F00048E347 /* AppDelegate.swift */,
				043E06331BEF58F00048E347 /* ViewController.swift */,
				043E06431BEF597C0048E347 /* ViewController.xib */,
				04D0244E1C180A480071FB3A /* Utils */,
				04D024471C180A350071FB3A /* MosaicClasses */,
				043E06381BEF58F00048E347 /* Assets.xcassets */,
				043E063A1BEF58F00048E347 /* LaunchScreen.storyboard */,
				043E063D1BEF58F00048E347 /* Info.plist */,
			);
			path = MosaicSwift;
			sourceTree = "<group>";
		};
		04D024471C180A350071FB3A /* MosaicClasses */ = {
			isa = PBXGroup;
			children = (
				04D024591C182A020071FB3A /* UI */,
				04D0244A1C180A350071FB3A /* MosaicCollectionViewController.swift */,
				04D024551C1829EC0071FB3A /* MosaicPreview.swift */,
				0406F3EC1C19A9AE00DB1BF9 /* MosaicLayout.swift */,
				04D024481C180A350071FB3A /* MosaicCell.swift */,
			);
			path = MosaicClasses;
			sourceTree = "<group>";
		};
		04D0244E1C180A480071FB3A /* Utils */ = {
			isa = PBXGroup;
			children = (
				04D0244F1C180A480071FB3A /* LazyLoading.swift */,
				04D024531C1828950071FB3A /* Animations.swift */,
			);
			path = Utils;
			sourceTree = "<group>";
		};
		04D024591C182A020071FB3A /* UI */ = {
			isa = PBXGroup;
			children = (
				04D0245A1C182A020071FB3A /* MosaicCell.xib */,
				04D0245B1C182A020071FB3A /* MosaicPreview.xib */,
			);
			name = UI;
			path = views;
			sourceTree = "<group>";
		};
/* End PBXGroup section */

/* Begin PBXNativeTarget section */
		043E062D1BEF58F00048E347 /* MosaicSwift */ = {
			isa = PBXNativeTarget;
			buildConfigurationList = 043E06401BEF58F00048E347 /* Build configuration list for PBXNativeTarget "MosaicSwift" */;
			buildPhases = (
				043E062A1BEF58F00048E347 /* Sources */,
				043E062B1BEF58F00048E347 /* Frameworks */,
				043E062C1BEF58F00048E347 /* Resources */,
			);
			buildRules = (
			);
			dependencies = (
			);
			name = MosaicSwift;
			productName = MosaicSwift;
			productReference = 043E062E1BEF58F00048E347 /* MosaicSwift.app */;
			productType = "com.apple.product-type.application";
		};
/* End PBXNativeTarget section */

/* Begin PBXProject section */
		043E06261BEF58F00048E347 /* Project object */ = {
			isa = PBXProject;
			attributes = {
				LastSwiftUpdateCheck = 0710;
				LastUpgradeCheck = 0710;
				ORGANIZATIONNAME = Usue;
				TargetAttributes = {
					043E062D1BEF58F00048E347 = {
						CreatedOnToolsVersion = 7.1;
					};
				};
			};
			buildConfigurationList = 043E06291BEF58F00048E347 /* Build configuration list for PBXProject "MosaicSwift" */;
			compatibilityVersion = "Xcode 3.2";
			developmentRegion = English;
			hasScannedForEncodings = 0;
			knownRegions = (
				en,
				Base,
			);
			mainGroup = 043E06251BEF58F00048E347;
			productRefGroup = 043E062F1BEF58F00048E347 /* Products */;
			projectDirPath = "";
			projectRoot = "";
			targets = (
				043E062D1BEF58F00048E347 /* MosaicSwift */,
			);
		};
/* End PBXProject section */

/* Begin PBXResourcesBuildPhase section */
		043E062C1BEF58F00048E347 /* Resources */ = {
			isa = PBXResourcesBuildPhase;
			buildActionMask = 2147483647;
			files = (
				043E063C1BEF58F00048E347 /* LaunchScreen.storyboard in Resources */,
				04D0245D1C182A020071FB3A /* MosaicPreview.xib in Resources */,
				043E06441BEF597C0048E347 /* ViewController.xib in Resources */,
				04D0245C1C182A020071FB3A /* MosaicCell.xib in Resources */,
				043E06391BEF58F00048E347 /* Assets.xcassets in Resources */,
			);
			runOnlyForDeploymentPostprocessing = 0;
		};
/* End PBXResourcesBuildPhase section */

/* Begin PBXSourcesBuildPhase section */
		043E062A1BEF58F00048E347 /* Sources */ = {
			isa = PBXSourcesBuildPhase;
			buildActionMask = 2147483647;
			files = (
				04D024501C180A480071FB3A /* LazyLoading.swift in Sources */,
				04D0244D1C180A350071FB3A /* MosaicCollectionViewController.swift in Sources */,
				04D024541C1828950071FB3A /* Animations.swift in Sources */,
				043E06341BEF58F00048E347 /* ViewController.swift in Sources */,
				04D024571C1829EC0071FB3A /* MosaicPreview.swift in Sources */,
				043E06321BEF58F00048E347 /* AppDelegate.swift in Sources */,
				04D0244B1C180A350071FB3A /* MosaicCell.swift in Sources */,
				0406F3ED1C19A9AE00DB1BF9 /* MosaicLayout.swift in Sources */,
			);
			runOnlyForDeploymentPostprocessing = 0;
		};
/* End PBXSourcesBuildPhase section */

/* Begin PBXVariantGroup section */
		043E063A1BEF58F00048E347 /* LaunchScreen.storyboard */ = {
			isa = PBXVariantGroup;
			children = (
				043E063B1BEF58F00048E347 /* Base */,
			);
			name = LaunchScreen.storyboard;
			sourceTree = "<group>";
		};
/* End PBXVariantGroup section */

/* Begin XCBuildConfiguration section */
		043E063E1BEF58F00048E347 /* Debug */ = {
			isa = XCBuildConfiguration;
			buildSettings = {
				ALWAYS_SEARCH_USER_PATHS = NO;
				CLANG_CXX_LANGUAGE_STANDARD = "gnu++0x";
				CLANG_CXX_LIBRARY = "libc++";
				CLANG_ENABLE_MODULES = YES;
				CLANG_ENABLE_OBJC_ARC = YES;
				CLANG_WARN_BOOL_CONVERSION = YES;
				CLANG_WARN_CONSTANT_CONVERSION = YES;
				CLANG_WARN_DIRECT_OBJC_ISA_USAGE = YES_ERROR;
				CLANG_WARN_EMPTY_BODY = YES;
				CLANG_WARN_ENUM_CONVERSION = YES;
				CLANG_WARN_INT_CONVERSION = YES;
				CLANG_WARN_OBJC_ROOT_CLASS = YES_ERROR;
				CLANG_WARN_UNREACHABLE_CODE = YES;
				CLANG_WARN__DUPLICATE_METHOD_MATCH = YES;
				"CODE_SIGN_IDENTITY[sdk=iphoneos*]" = "iPhone Developer";
				COPY_PHASE_STRIP = NO;
				DEBUG_INFORMATION_FORMAT = dwarf;
				ENABLE_STRICT_OBJC_MSGSEND = YES;
				ENABLE_TESTABILITY = YES;
				GCC_C_LANGUAGE_STANDARD = gnu99;
				GCC_DYNAMIC_NO_PIC = NO;
				GCC_NO_COMMON_BLOCKS = YES;
				GCC_OPTIMIZATION_LEVEL = 0;
				GCC_PREPROCESSOR_DEFINITIONS = (
					"DEBUG=1",
					"$(inherited)",
				);
				GCC_WARN_64_TO_32_BIT_CONVERSION = YES;
				GCC_WARN_ABOUT_RETURN_TYPE = YES_ERROR;
				GCC_WARN_UNDECLARED_SELECTOR = YES;
				GCC_WARN_UNINITIALIZED_AUTOS = YES_AGGRESSIVE;
				GCC_WARN_UNUSED_FUNCTION = YES;
				GCC_WARN_UNUSED_VARIABLE = YES;
				IPHONEOS_DEPLOYMENT_TARGET = 9.1;
				MTL_ENABLE_DEBUG_INFO = YES;
				ONLY_ACTIVE_ARCH = YES;
				SDKROOT = iphoneos;
				SWIFT_OPTIMIZATION_LEVEL = "-Onone";
			};
			name = Debug;
		};
		043E063F1BEF58F00048E347 /* Release */ = {
			isa = XCBuildConfiguration;
			buildSettings = {
				ALWAYS_SEARCH_USER_PATHS = NO;
				CLANG_CXX_LANGUAGE_STANDARD = "gnu++0x";
				CLANG_CXX_LIBRARY = "libc++";
				CLANG_ENABLE_MODULES = YES;
				CLANG_ENABLE_OBJC_ARC = YES;
				CLANG_WARN_BOOL_CONVERSION = YES;
				CLANG_WARN_CONSTANT_CONVERSION = YES;
				CLANG_WARN_DIRECT_OBJC_ISA_USAGE = YES_ERROR;
				CLANG_WARN_EMPTY_BODY = YES;
				CLANG_WARN_ENUM_CONVERSION = YES;
				CLANG_WARN_INT_CONVERSION = YES;
				CLANG_WARN_OBJC_ROOT_CLASS = YES_ERROR;
				CLANG_WARN_UNREACHABLE_CODE = YES;
				CLANG_WARN__DUPLICATE_METHOD_MATCH = YES;
				"CODE_SIGN_IDENTITY[sdk=iphoneos*]" = "iPhone Developer";
				COPY_PHASE_STRIP = NO;
				DEBUG_INFORMATION_FORMAT = "dwarf-with-dsym";
				ENABLE_NS_ASSERTIONS = NO;
				ENABLE_STRICT_OBJC_MSGSEND = YES;
				GCC_C_LANGUAGE_STANDARD = gnu99;
				GCC_NO_COMMON_BLOCKS = YES;
				GCC_WARN_64_TO_32_BIT_CONVERSION = YES;
				GCC_WARN_ABOUT_RETURN_TYPE = YES_ERROR;
				GCC_WARN_UNDECLARED_SELECTOR = YES;
				GCC_WARN_UNINITIALIZED_AUTOS = YES_AGGRESSIVE;
				GCC_WARN_UNUSED_FUNCTION = YES;
				GCC_WARN_UNUSED_VARIABLE = YES;
				IPHONEOS_DEPLOYMENT_TARGET = 9.1;
				MTL_ENABLE_DEBUG_INFO = NO;
				SDKROOT = iphoneos;
				VALIDATE_PRODUCT = YES;
			};
			name = Release;
		};
		043E06411BEF58F00048E347 /* Debug */ = {
			isa = XCBuildConfiguration;
			buildSettings = {
				ASSETCATALOG_COMPILER_APPICON_NAME = AppIcon;
				INFOPLIST_FILE = MosaicSwift/Info.plist;
				LD_RUNPATH_SEARCH_PATHS = "$(inherited) @executable_path/Frameworks";
				PRODUCT_BUNDLE_IDENTIFIER = com.usitdevelopment.MosaicSwift;
				PRODUCT_NAME = "$(TARGET_NAME)";
			};
			name = Debug;
		};
		043E06421BEF58F00048E347 /* Release */ = {
			isa = XCBuildConfiguration;
			buildSettings = {
				ASSETCATALOG_COMPILER_APPICON_NAME = AppIcon;
				INFOPLIST_FILE = MosaicSwift/Info.plist;
				LD_RUNPATH_SEARCH_PATHS = "$(inherited) @executable_path/Frameworks";
				PRODUCT_BUNDLE_IDENTIFIER = com.usitdevelopment.MosaicSwift;
				PRODUCT_NAME = "$(TARGET_NAME)";
			};
			name = Release;
		};
/* End XCBuildConfiguration section */

/* Begin XCConfigurationList section */
		043E06291BEF58F00048E347 /* Build configuration list for PBXProject "MosaicSwift" */ = {
			isa = XCConfigurationList;
			buildConfigurations = (
				043E063E1BEF58F00048E347 /* Debug */,
				043E063F1BEF58F00048E347 /* Release */,
			);
			defaultConfigurationIsVisible = 0;
			defaultConfigurationName = Release;
		};
		043E06401BEF58F00048E347 /* Build configuration list for PBXNativeTarget "MosaicSwift" */ = {
			isa = XCConfigurationList;
			buildConfigurations = (
				043E06411BEF58F00048E347 /* Debug */,
				043E06421BEF58F00048E347 /* Release */,
			);
			defaultConfigurationIsVisible = 0;
			defaultConfigurationName = Release;
		};
/* End XCConfigurationList section */
	};
	rootObject = 043E06261BEF58F00048E347 /* Project object */;
}
